
Microsoft Visual Studio Solution File, Format Version 11.00
# Visual C# Express 2010
Project("{FAE04EC0-301F-11D3-BF4B-00C04F79EFBC}") = "Прямоугольные треугольники", "Прямоугольные треугольники\Прямоугольные треугольники.csproj", "{8AAAE9AE-5C05-4A8F-AFE2-C15EA8AF018D}"
EndProject
Global
	GlobalSection(SolutionConfigurationPlatforms) = preSolution
		Debug|x86 = Debug|x86
		Release|x86 = Release|x86
	EndGlobalSection
	GlobalSection(ProjectConfigurationPlatforms) = postSolution
		{8AAAE9AE-5C05-4A8F-AFE2-C15EA8AF018D}.Debug|x86.ActiveCfg = Debug|x86
		{8AAAE9AE-5C05-4A8F-AFE2-C15EA8AF018D}.Debug|x86.Build.0 = Debug|x86
		{8AAAE9AE-5C05-4A8F-AFE2-C15EA8AF018D}.Release|x86.ActiveCfg = Release|x86
		{8AAAE9AE-5C05-4A8F-AFE2-C15EA8AF018D}.Release|x86.Build.0 = Release|x86
	EndGlobalSection
	GlobalSection(SolutionProperties) = preSolution
		HideSolutionNode = FALSE
	EndGlobalSection
EndGlobal
